
Microsoft Visual Studio Solution File, Format Version 12.00
# Visual Studio 15
VisualStudioVersion = 15.0.27130.2003
MinimumVisualStudioVersion = 10.0.40219.1
Project("{9A19103F-16F7-4668-BE54-9A1E7A4F7556}") = "ASW", "ASW\ASW.csproj", "{77B8B19D-D0FA-4070-801B-570B60A83A7E}"
EndProject
Project("{9A19103F-16F7-4668-BE54-9A1E7A4F7556}") = "ASW.UnitTests", "ASW.Tests\ASW.UnitTests.csproj", "{CA81FEA6-1644-4C61-9E55-6D7F0E3D6C1E}"
EndProject
Project("{9A19103F-16F7-4668-BE54-9A1E7A4F7556}") = "ASW.IntegratedTests", "ASW.IntegratedTests\ASW.IntegratedTests.csproj", "{2C978298-7311-4F26-BEBC-A69F1955ED3D}"
EndProject
Global
	GlobalSection(SolutionConfigurationPlatforms) = preSolution
		Debug|Any CPU = Debug|Any CPU
		Release|Any CPU = Release|Any CPU
	EndGlobalSection
	GlobalSection(ProjectConfigurationPlatforms) = postSolution
		{77B8B19D-D0FA-4070-801B-570B60A83A7E}.Debug|Any CPU.ActiveCfg = Debug|Any CPU
		{77B8B19D-D0FA-4070-801B-570B60A83A7E}.Debug|Any CPU.Build.0 = Debug|Any CPU
		{77B8B19D-D0FA-4070-801B-570B60A83A7E}.Release|Any CPU.ActiveCfg = Release|Any CPU
		{77B8B19D-D0FA-4070-801B-570B60A83A7E}.Release|Any CPU.Build.0 = Release|Any CPU
		{CA81FEA6-1644-4C61-9E55-6D7F0E3D6C1E}.Debug|Any CPU.ActiveCfg = Debug|Any CPU
		{CA81FEA6-1644-4C61-9E55-6D7F0E3D6C1E}.Debug|Any CPU.Build.0 = Debug|Any CPU
		{CA81FEA6-1644-4C61-9E55-6D7F0E3D6C1E}.Release|Any CPU.ActiveCfg = Release|Any CPU
		{CA81FEA6-1644-4C61-9E55-6D7F0E3D6C1E}.Release|Any CPU.Build.0 = Release|Any CPU
		{2C978298-7311-4F26-BEBC-A69F1955ED3D}.Debug|Any CPU.ActiveCfg = Debug|Any CPU
		{2C978298-7311-4F26-BEBC-A69F1955ED3D}.Debug|Any CPU.Build.0 = Debug|Any CPU
		{2C978298-7311-4F26-BEBC-A69F1955ED3D}.Release|Any CPU.ActiveCfg = Release|Any CPU
		{2C978298-7311-4F26-BEBC-A69F1955ED3D}.Release|Any CPU.Build.0 = Release|Any CPU
	EndGlobalSection
	GlobalSection(SolutionProperties) = preSolution
		HideSolutionNode = FALSE
	EndGlobalSection
	GlobalSection(ExtensibilityGlobals) = postSolution
		SolutionGuid = {3F18EBE2-0379-464E-AD44-1DC3573D1557}
	EndGlobalSection
EndGlobal
